
Microsoft Visual Studio Solution File, Format Version 12.00
# Visual Studio Version 17
VisualStudioVersion = 17.6.33829.357
MinimumVisualStudioVersion = 10.0.40219.1
Project("{9A19103F-16F7-4668-BE54-9A1E7A4F7556}") = "Task3", "Task3\Task3.csproj", "{B9F4BBB8-9FBE-4474-ACB6-4DDEEB9E90F3}"
EndProject
Project("{9A19103F-16F7-4668-BE54-9A1E7A4F7556}") = "Task2", "Task2\Task2.csproj", "{ACB6A3F2-F525-4340-9EAB-A93E3F55714D}"
EndProject
Project("{9A19103F-16F7-4668-BE54-9A1E7A4F7556}") = "Task1", "Task1\Task1.csproj", "{9BA4CA8D-2D82-4B01-B554-5738D339F3D1}"
EndProject
Project("{FAE04EC0-301F-11D3-BF4B-00C04F79EFBC}") = "Task4", "Task4\Task4.csproj", "{CCBE0BE9-349E-46E3-A913-6122AF0BC432}"
EndProject
Project("{FAE04EC0-301F-11D3-BF4B-00C04F79EFBC}") = "Task5", "Task5\Task5.csproj", "{3D4615FD-BF2A-44A2-9A26-FBA7988E01BB}"
EndProject
Project("{FAE04EC0-301F-11D3-BF4B-00C04F79EFBC}") = "Task5Tests", "Task5Tests\Task5Tests.csproj", "{826D9D20-9111-4EA3-8D6A-05737B296B10}"
EndProject
Project("{FAE04EC0-301F-11D3-BF4B-00C04F79EFBC}") = "Task6", "Task6\Task6.csproj", "{456509CD-CA76-4E27-A3D1-33DA43EB5CC3}"
EndProject
Project("{FAE04EC0-301F-11D3-BF4B-00C04F79EFBC}") = "Task7", "Task7\Task7.csproj", "{8CD2589A-F826-4324-92D9-F715FCA9EC47}"
EndProject
Project("{FAE04EC0-301F-11D3-BF4B-00C04F79EFBC}") = "Task8", "Task8\Task8.csproj", "{00AA692F-DA0D-4B9D-9D84-5349E26C0067}"
EndProject
Project("{FAE04EC0-301F-11D3-BF4B-00C04F79EFBC}") = "Task9", "Task9\Task9.csproj", "{38336DF5-E034-4753-8C50-4F77D68A7676}"
EndProject
Global
	GlobalSection(SolutionConfigurationPlatforms) = preSolution
		Debug|Any CPU = Debug|Any CPU
		Release|Any CPU = Release|Any CPU
	EndGlobalSection
	GlobalSection(ProjectConfigurationPlatforms) = postSolution
		{B9F4BBB8-9FBE-4474-ACB6-4DDEEB9E90F3}.Debug|Any CPU.ActiveCfg = Debug|Any CPU
		{B9F4BBB8-9FBE-4474-ACB6-4DDEEB9E90F3}.Debug|Any CPU.Build.0 = Debug|Any CPU
		{B9F4BBB8-9FBE-4474-ACB6-4DDEEB9E90F3}.Release|Any CPU.ActiveCfg = Release|Any CPU
		{B9F4BBB8-9FBE-4474-ACB6-4DDEEB9E90F3}.Release|Any CPU.Build.0 = Release|Any CPU
		{ACB6A3F2-F525-4340-9EAB-A93E3F55714D}.Debug|Any CPU.ActiveCfg = Debug|Any CPU
		{ACB6A3F2-F525-4340-9EAB-A93E3F55714D}.Debug|Any CPU.Build.0 = Debug|Any CPU
		{ACB6A3F2-F525-4340-9EAB-A93E3F55714D}.Release|Any CPU.ActiveCfg = Release|Any CPU
		{ACB6A3F2-F525-4340-9EAB-A93E3F55714D}.Release|Any CPU.Build.0 = Release|Any CPU
		{9BA4CA8D-2D82-4B01-B554-5738D339F3D1}.Debug|Any CPU.ActiveCfg = Debug|Any CPU
		{9BA4CA8D-2D82-4B01-B554-5738D339F3D1}.Debug|Any CPU.Build.0 = Debug|Any CPU
		{9BA4CA8D-2D82-4B01-B554-5738D339F3D1}.Release|Any CPU.ActiveCfg = Release|Any CPU
		{9BA4CA8D-2D82-4B01-B554-5738D339F3D1}.Release|Any CPU.Build.0 = Release|Any CPU
		{CCBE0BE9-349E-46E3-A913-6122AF0BC432}.Debug|Any CPU.ActiveCfg = Debug|Any CPU
		{CCBE0BE9-349E-46E3-A913-6122AF0BC432}.Debug|Any CPU.Build.0 = Debug|Any CPU
		{CCBE0BE9-349E-46E3-A913-6122AF0BC432}.Release|Any CPU.ActiveCfg = Release|Any CPU
		{CCBE0BE9-349E-46E3-A913-6122AF0BC432}.Release|Any CPU.Build.0 = Release|Any CPU
		{3D4615FD-BF2A-44A2-9A26-FBA7988E01BB}.Debug|Any CPU.ActiveCfg = Debug|Any CPU
		{3D4615FD-BF2A-44A2-9A26-FBA7988E01BB}.Debug|Any CPU.Build.0 = Debug|Any CPU
		{3D4615FD-BF2A-44A2-9A26-FBA7988E01BB}.Release|Any CPU.ActiveCfg = Release|Any CPU
		{3D4615FD-BF2A-44A2-9A26-FBA7988E01BB}.Release|Any CPU.Build.0 = Release|Any CPU
		{826D9D20-9111-4EA3-8D6A-05737B296B10}.Debug|Any CPU.ActiveCfg = Debug|Any CPU
		{826D9D20-9111-4EA3-8D6A-05737B296B10}.Debug|Any CPU.Build.0 = Debug|Any CPU
		{826D9D20-9111-4EA3-8D6A-05737B296B10}.Release|Any CPU.ActiveCfg = Release|Any CPU
		{826D9D20-9111-4EA3-8D6A-05737B296B10}.Release|Any CPU.Build.0 = Release|Any CPU
		{456509CD-CA76-4E27-A3D1-33DA43EB5CC3}.Debug|Any CPU.ActiveCfg = Debug|Any CPU
		{456509CD-CA76-4E27-A3D1-33DA43EB5CC3}.Debug|Any CPU.Build.0 = Debug|Any CPU
		{456509CD-CA76-4E27-A3D1-33DA43EB5CC3}.Release|Any CPU.ActiveCfg = Release|Any CPU
		{456509CD-CA76-4E27-A3D1-33DA43EB5CC3}.Release|Any CPU.Build.0 = Release|Any CPU
		{8CD2589A-F826-4324-92D9-F715FCA9EC47}.Debug|Any CPU.ActiveCfg = Debug|Any CPU
		{8CD2589A-F826-4324-92D9-F715FCA9EC47}.Debug|Any CPU.Build.0 = Debug|Any CPU
		{8CD2589A-F826-4324-92D9-F715FCA9EC47}.Release|Any CPU.ActiveCfg = Release|Any CPU
		{8CD2589A-F826-4324-92D9-F715FCA9EC47}.Release|Any CPU.Build.0 = Release|Any CPU
		{00AA692F-DA0D-4B9D-9D84-5349E26C0067}.Debug|Any CPU.ActiveCfg = Debug|Any CPU
		{00AA692F-DA0D-4B9D-9D84-5349E26C0067}.Debug|Any CPU.Build.0 = Debug|Any CPU
		{00AA692F-DA0D-4B9D-9D84-5349E26C0067}.Release|Any CPU.ActiveCfg = Release|Any CPU
		{00AA692F-DA0D-4B9D-9D84-5349E26C0067}.Release|Any CPU.Build.0 = Release|Any CPU
		{38336DF5-E034-4753-8C50-4F77D68A7676}.Debug|Any CPU.ActiveCfg = Debug|Any CPU
		{38336DF5-E034-4753-8C50-4F77D68A7676}.Debug|Any CPU.Build.0 = Debug|Any CPU
		{38336DF5-E034-4753-8C50-4F77D68A7676}.Release|Any CPU.ActiveCfg = Release|Any CPU
		{38336DF5-E034-4753-8C50-4F77D68A7676}.Release|Any CPU.Build.0 = Release|Any CPU
	EndGlobalSection
	GlobalSection(SolutionProperties) = preSolution
		HideSolutionNode = FALSE
	EndGlobalSection
	GlobalSection(ExtensibilityGlobals) = postSolution
		SolutionGuid = {0B27DCDE-B94B-487B-9095-0DB4FCBC35A6}
	EndGlobalSection
EndGlobal
